
Microsoft Visual Studio Solution File, Format Version 12.00
# Visual Studio Version 16
VisualStudioVersion = 16.0.34301.259
MinimumVisualStudioVersion = 10.0.40219.1
Project("{FAE04EC0-301F-11D3-BF4B-00C04F79EFBC}") = "SolidDna.CustomCommands", "SolidDna.CustomCommands.csproj", "{F3E534C5-4455-48FD-946D-078D9D78A66C}"
EndProject
Global
	GlobalSection(SolutionConfigurationPlatforms) = preSolution
		Debug|Any CPU = Debug|Any CPU
		Release|Any CPU = Release|Any CPU
	EndGlobalSection
	GlobalSection(ProjectConfigurationPlatforms) = postSolution
		{F3E534C5-4455-48FD-946D-078D9D78A66C}.Debug|Any CPU.ActiveCfg = Debug|Any CPU
		{F3E534C5-4455-48FD-946D-078D9D78A66C}.Debug|Any CPU.Build.0 = Debug|Any CPU
		{F3E534C5-4455-48FD-946D-078D9D78A66C}.Release|Any CPU.ActiveCfg = Release|Any CPU
		{F3E534C5-4455-48FD-946D-078D9D78A66C}.Release|Any CPU.Build.0 = Release|Any CPU
	EndGlobalSection
	GlobalSection(SolutionProperties) = preSolution
		HideSolutionNode = FALSE
	EndGlobalSection
	GlobalSection(ExtensibilityGlobals) = postSolution
		SolutionGuid = {31314BFC-FF11-4A80-8554-2644969CFBEC}
	EndGlobalSection
EndGlobal
